
Microsoft Visual Studio Solution File, Format Version 12.00
# Visual Studio Version 17
VisualStudioVersion = 17.9.34616.47
MinimumVisualStudioVersion = 10.0.40219.1
Project("{FAE04EC0-301F-11D3-BF4B-00C04F79EFBC}") = "CL3000Demo", "CL3000Demo\CL3000Demo.csproj", "{0F3905C4-D698-47EC-BA49-D6D90B81A667}"
EndProject
Global
	GlobalSection(SolutionConfigurationPlatforms) = preSolution
		Debug|Any CPU = Debug|Any CPU
		Release|Any CPU = Release|Any CPU
	EndGlobalSection
	GlobalSection(ProjectConfigurationPlatforms) = postSolution
		{0F3905C4-D698-47EC-BA49-D6D90B81A667}.Debug|Any CPU.ActiveCfg = Debug|Any CPU
		{0F3905C4-D698-47EC-BA49-D6D90B81A667}.Debug|Any CPU.Build.0 = Debug|Any CPU
		{0F3905C4-D698-47EC-BA49-D6D90B81A667}.Release|Any CPU.ActiveCfg = Release|Any CPU
		{0F3905C4-D698-47EC-BA49-D6D90B81A667}.Release|Any CPU.Build.0 = Release|Any CPU
	EndGlobalSection
	GlobalSection(SolutionProperties) = preSolution
		HideSolutionNode = FALSE
	EndGlobalSection
	GlobalSection(ExtensibilityGlobals) = postSolution
		SolutionGuid = {D79DF694-8A37-4423-963E-9AAD4F4B6EA9}
	EndGlobalSection
EndGlobal
