
Microsoft Visual Studio Solution File, Format Version 12.00
# Visual Studio Version 17
VisualStudioVersion = 17.9.34616.47
MinimumVisualStudioVersion = 10.0.40219.1
Project("{FAE04EC0-301F-11D3-BF4B-00C04F79EFBC}") = "Keithley2400Demo", "Keithley2400Demo\Keithley2400Demo.csproj", "{5240C9CC-86D9-494E-982C-5321FB9D3852}"
EndProject
Global
	GlobalSection(SolutionConfigurationPlatforms) = preSolution
		Debug|Any CPU = Debug|Any CPU
		Release|Any CPU = Release|Any CPU
	EndGlobalSection
	GlobalSection(ProjectConfigurationPlatforms) = postSolution
		{5240C9CC-86D9-494E-982C-5321FB9D3852}.Debug|Any CPU.ActiveCfg = Debug|Any CPU
		{5240C9CC-86D9-494E-982C-5321FB9D3852}.Debug|Any CPU.Build.0 = Debug|Any CPU
		{5240C9CC-86D9-494E-982C-5321FB9D3852}.Release|Any CPU.ActiveCfg = Release|Any CPU
		{5240C9CC-86D9-494E-982C-5321FB9D3852}.Release|Any CPU.Build.0 = Release|Any CPU
	EndGlobalSection
	GlobalSection(SolutionProperties) = preSolution
		HideSolutionNode = FALSE
	EndGlobalSection
	GlobalSection(ExtensibilityGlobals) = postSolution
		SolutionGuid = {0BE35F56-33DE-4281-815B-03DBF2A980A1}
	EndGlobalSection
EndGlobal
